
Microsoft Visual Studio Solution File, Format Version 12.00
# Visual Studio Version 17
VisualStudioVersion = 17.0.31903.59
MinimumVisualStudioVersion = 10.0.40219.1
Project("{2150E333-8FDC-42A3-9474-1A3956D46DE8}") = "src", "src", "{827E0CD3-B72D-47B6-A68D-7590B98EB39B}"
EndProject
Project("{FAE04EC0-301F-11D3-BF4B-00C04F79EFBC}") = "Binesh.Domain", "src\Binesh.Domain\Binesh.Domain.csproj", "{8E872BF8-30BE-4CA7-8318-B57D2797E4E1}"
EndProject
Project("{FAE04EC0-301F-11D3-BF4B-00C04F79EFBC}") = "Binesh.Application", "src\Binesh.Application\Binesh.Application.csproj", "{55AC9999-FE0F-401E-B018-2D46D44510A1}"
EndProject
Project("{FAE04EC0-301F-11D3-BF4B-00C04F79EFBC}") = "Binesh.Infrastructure", "src\Binesh.Infrastructure\Binesh.Infrastructure.csproj", "{ECF7EB78-D7BB-4B0A-8B2E-A7B8F0FE1126}"
EndProject
Project("{FAE04EC0-301F-11D3-BF4B-00C04F79EFBC}") = "Binesh.Identity", "src\Binesh.Identity\Binesh.Identity.csproj", "{3443A06A-FAD3-4830-B8BC-A14E526D0EE8}"
EndProject
Project("{FAE04EC0-301F-11D3-BF4B-00C04F79EFBC}") = "Binesh.Ai", "src\Binesh.Ai\Binesh.Ai.csproj", "{09851985-4A40-4213-B8F0-97EC2A97201A}"
EndProject
Project("{FAE04EC0-301F-11D3-BF4B-00C04F79EFBC}") = "Binesh.Etl", "src\Binesh.Etl\Binesh.Etl.csproj", "{EB82416F-256F-4007-8368-05E362F70C04}"
EndProject
Project("{FAE04EC0-301F-11D3-BF4B-00C04F79EFBC}") = "Binesh.Api", "src\Binesh.Api\Binesh.Api.csproj", "{082163CD-02C9-4FAA-B2B1-7DE7525CF923}"
EndProject
Project("{2150E333-8FDC-42A3-9474-1A3956D46DE8}") = "tests", "tests", "{0AB3BF05-4346-4AA6-1389-037BE0695223}"
EndProject
Project("{FAE04EC0-301F-11D3-BF4B-00C04F79EFBC}") = "Binesh.Domain.UnitTests", "tests\Binesh.Domain.UnitTests\Binesh.Domain.UnitTests.csproj", "{7323903A-B1AA-46AB-A09B-06A2E09ECC30}"
EndProject
Project("{FAE04EC0-301F-11D3-BF4B-00C04F79EFBC}") = "Binesh.Application.UnitTests", "tests\Binesh.Application.UnitTests\Binesh.Application.UnitTests.csproj", "{A58DACF2-C3F8-40BB-9499-418226BD012E}"
EndProject
Project("{FAE04EC0-301F-11D3-BF4B-00C04F79EFBC}") = "Binesh.Ai.IntegrationTests", "tests\Binesh.Ai.IntegrationTests\Binesh.Ai.IntegrationTests.csproj", "{B2A0F427-BD58-4D8A-B712-9E2AE7E74995}"
EndProject
Project("{FAE04EC0-301F-11D3-BF4B-00C04F79EFBC}") = "Binesh.Api.IntegrationTests", "tests\Binesh.Api.IntegrationTests\Binesh.Api.IntegrationTests.csproj", "{A79A0F67-3D5B-4F4B-9F7C-D757DB0358FD}"
EndProject
Global
	GlobalSection(SolutionConfigurationPlatforms) = preSolution
		Debug|Any CPU = Debug|Any CPU
		Debug|x64 = Debug|x64
		Debug|x86 = Debug|x86
		Release|Any CPU = Release|Any CPU
		Release|x64 = Release|x64
		Release|x86 = Release|x86
	EndGlobalSection
	GlobalSection(ProjectConfigurationPlatforms) = postSolution
		{8E872BF8-30BE-4CA7-8318-B57D2797E4E1}.Debug|Any CPU.ActiveCfg = Debug|Any CPU
		{8E872BF8-30BE-4CA7-8318-B57D2797E4E1}.Debug|Any CPU.Build.0 = Debug|Any CPU
		{8E872BF8-30BE-4CA7-8318-B57D2797E4E1}.Debug|x64.ActiveCfg = Debug|Any CPU
		{8E872BF8-30BE-4CA7-8318-B57D2797E4E1}.Debug|x64.Build.0 = Debug|Any CPU
		{8E872BF8-30BE-4CA7-8318-B57D2797E4E1}.Debug|x86.ActiveCfg = Debug|Any CPU
		{8E872BF8-30BE-4CA7-8318-B57D2797E4E1}.Debug|x86.Build.0 = Debug|Any CPU
		{8E872BF8-30BE-4CA7-8318-B57D2797E4E1}.Release|Any CPU.ActiveCfg = Release|Any CPU
		{8E872BF8-30BE-4CA7-8318-B57D2797E4E1}.Release|Any CPU.Build.0 = Release|Any CPU
		{8E872BF8-30BE-4CA7-8318-B57D2797E4E1}.Release|x64.ActiveCfg = Release|Any CPU
		{8E872BF8-30BE-4CA7-8318-B57D2797E4E1}.Release|x64.Build.0 = Release|Any CPU
		{8E872BF8-30BE-4CA7-8318-B57D2797E4E1}.Release|x86.ActiveCfg = Release|Any CPU
		{8E872BF8-30BE-4CA7-8318-B57D2797E4E1}.Release|x86.Build.0 = Release|Any CPU
		{55AC9999-FE0F-401E-B018-2D46D44510A1}.Debug|Any CPU.ActiveCfg = Debug|Any CPU
		{55AC9999-FE0F-401E-B018-2D46D44510A1}.Debug|Any CPU.Build.0 = Debug|Any CPU
		{55AC9999-FE0F-401E-B018-2D46D44510A1}.Debug|x64.ActiveCfg = Debug|Any CPU
		{55AC9999-FE0F-401E-B018-2D46D44510A1}.Debug|x64.Build.0 = Debug|Any CPU
		{55AC9999-FE0F-401E-B018-2D46D44510A1}.Debug|x86.ActiveCfg = Debug|Any CPU
		{55AC9999-FE0F-401E-B018-2D46D44510A1}.Debug|x86.Build.0 = Debug|Any CPU
		{55AC9999-FE0F-401E-B018-2D46D44510A1}.Release|Any CPU.ActiveCfg = Release|Any CPU
		{55AC9999-FE0F-401E-B018-2D46D44510A1}.Release|Any CPU.Build.0 = Release|Any CPU
		{55AC9999-FE0F-401E-B018-2D46D44510A1}.Release|x64.ActiveCfg = Release|Any CPU
		{55AC9999-FE0F-401E-B018-2D46D44510A1}.Release|x64.Build.0 = Release|Any CPU
		{55AC9999-FE0F-401E-B018-2D46D44510A1}.Release|x86.ActiveCfg = Release|Any CPU
		{55AC9999-FE0F-401E-B018-2D46D44510A1}.Release|x86.Build.0 = Release|Any CPU
		{ECF7EB78-D7BB-4B0A-8B2E-A7B8F0FE1126}.Debug|Any CPU.ActiveCfg = Debug|Any CPU
		{ECF7EB78-D7BB-4B0A-8B2E-A7B8F0FE1126}.Debug|Any CPU.Build.0 = Debug|Any CPU
		{ECF7EB78-D7BB-4B0A-8B2E-A7B8F0FE1126}.Debug|x64.ActiveCfg = Debug|Any CPU
		{ECF7EB78-D7BB-4B0A-8B2E-A7B8F0FE1126}.Debug|x64.Build.0 = Debug|Any CPU
		{ECF7EB78-D7BB-4B0A-8B2E-A7B8F0FE1126}.Debug|x86.ActiveCfg = Debug|Any CPU
		{ECF7EB78-D7BB-4B0A-8B2E-A7B8F0FE1126}.Debug|x86.Build.0 = Debug|Any CPU
		{ECF7EB78-D7BB-4B0A-8B2E-A7B8F0FE1126}.Release|Any CPU.ActiveCfg = Release|Any CPU
		{ECF7EB78-D7BB-4B0A-8B2E-A7B8F0FE1126}.Release|Any CPU.Build.0 = Release|Any CPU
		{ECF7EB78-D7BB-4B0A-8B2E-A7B8F0FE1126}.Release|x64.ActiveCfg = Release|Any CPU
		{ECF7EB78-D7BB-4B0A-8B2E-A7B8F0FE1126}.Release|x64.Build.0 = Release|Any CPU
		{ECF7EB78-D7BB-4B0A-8B2E-A7B8F0FE1126}.Release|x86.ActiveCfg = Release|Any CPU
		{ECF7EB78-D7BB-4B0A-8B2E-A7B8F0FE1126}.Release|x86.Build.0 = Release|Any CPU
		{3443A06A-FAD3-4830-B8BC-A14E526D0EE8}.Debug|Any CPU.ActiveCfg = Debug|Any CPU
		{3443A06A-FAD3-4830-B8BC-A14E526D0EE8}.Debug|Any CPU.Build.0 = Debug|Any CPU
		{3443A06A-FAD3-4830-B8BC-A14E526D0EE8}.Debug|x64.ActiveCfg = Debug|Any CPU
		{3443A06A-FAD3-4830-B8BC-A14E526D0EE8}.Debug|x64.Build.0 = Debug|Any CPU
		{3443A06A-FAD3-4830-B8BC-A14E526D0EE8}.Debug|x86.ActiveCfg = Debug|Any CPU
		{3443A06A-FAD3-4830-B8BC-A14E526D0EE8}.Debug|x86.Build.0 = Debug|Any CPU
		{3443A06A-FAD3-4830-B8BC-A14E526D0EE8}.Release|Any CPU.ActiveCfg = Release|Any CPU
		{3443A06A-FAD3-4830-B8BC-A14E526D0EE8}.Release|Any CPU.Build.0 = Release|Any CPU
		{3443A06A-FAD3-4830-B8BC-A14E526D0EE8}.Release|x64.ActiveCfg = Release|Any CPU
		{3443A06A-FAD3-4830-B8BC-A14E526D0EE8}.Release|x64.Build.0 = Release|Any CPU
		{3443A06A-FAD3-4830-B8BC-A14E526D0EE8}.Release|x86.ActiveCfg = Release|Any CPU
		{3443A06A-FAD3-4830-B8BC-A14E526D0EE8}.Release|x86.Build.0 = Release|Any CPU
		{09851985-4A40-4213-B8F0-97EC2A97201A}.Debug|Any CPU.ActiveCfg = Debug|Any CPU
		{09851985-4A40-4213-B8F0-97EC2A97201A}.Debug|Any CPU.Build.0 = Debug|Any CPU
		{09851985-4A40-4213-B8F0-97EC2A97201A}.Debug|x64.ActiveCfg = Debug|Any CPU
		{09851985-4A40-4213-B8F0-97EC2A97201A}.Debug|x64.Build.0 = Debug|Any CPU
		{09851985-4A40-4213-B8F0-97EC2A97201A}.Debug|x86.ActiveCfg = Debug|Any CPU
		{09851985-4A40-4213-B8F0-97EC2A97201A}.Debug|x86.Build.0 = Debug|Any CPU
		{09851985-4A40-4213-B8F0-97EC2A97201A}.Release|Any CPU.ActiveCfg = Release|Any CPU
		{09851985-4A40-4213-B8F0-97EC2A97201A}.Release|Any CPU.Build.0 = Release|Any CPU
		{09851985-4A40-4213-B8F0-97EC2A97201A}.Release|x64.ActiveCfg = Release|Any CPU
		{09851985-4A40-4213-B8F0-97EC2A97201A}.Release|x64.Build.0 = Release|Any CPU
		{09851985-4A40-4213-B8F0-97EC2A97201A}.Release|x86.ActiveCfg = Release|Any CPU
		{09851985-4A40-4213-B8F0-97EC2A97201A}.Release|x86.Build.0 = Release|Any CPU
		{EB82416F-256F-4007-8368-05E362F70C04}.Debug|Any CPU.ActiveCfg = Debug|Any CPU
		{EB82416F-256F-4007-8368-05E362F70C04}.Debug|Any CPU.Build.0 = Debug|Any CPU
		{EB82416F-256F-4007-8368-05E362F70C04}.Debug|x64.ActiveCfg = Debug|Any CPU
		{EB82416F-256F-4007-8368-05E362F70C04}.Debug|x64.Build.0 = Debug|Any CPU
		{EB82416F-256F-4007-8368-05E362F70C04}.Debug|x86.ActiveCfg = Debug|Any CPU
		{EB82416F-256F-4007-8368-05E362F70C04}.Debug|x86.Build.0 = Debug|Any CPU
		{EB82416F-256F-4007-8368-05E362F70C04}.Release|Any CPU.ActiveCfg = Release|Any CPU
		{EB82416F-256F-4007-8368-05E362F70C04}.Release|Any CPU.Build.0 = Release|Any CPU
		{EB82416F-256F-4007-8368-05E362F70C04}.Release|x64.ActiveCfg = Release|Any CPU
		{EB82416F-256F-4007-8368-05E362F70C04}.Release|x64.Build.0 = Release|Any CPU
		{EB82416F-256F-4007-8368-05E362F70C04}.Release|x86.ActiveCfg = Release|Any CPU
		{EB82416F-256F-4007-8368-05E362F70C04}.Release|x86.Build.0 = Release|Any CPU
		{082163CD-02C9-4FAA-B2B1-7DE7525CF923}.Debug|Any CPU.ActiveCfg = Debug|Any CPU
		{082163CD-02C9-4FAA-B2B1-7DE7525CF923}.Debug|Any CPU.Build.0 = Debug|Any CPU
		{082163CD-02C9-4FAA-B2B1-7DE7525CF923}.Debug|x64.ActiveCfg = Debug|Any CPU
		{082163CD-02C9-4FAA-B2B1-7DE7525CF923}.Debug|x64.Build.0 = Debug|Any CPU
		{082163CD-02C9-4FAA-B2B1-7DE7525CF923}.Debug|x86.ActiveCfg = Debug|Any CPU
		{082163CD-02C9-4FAA-B2B1-7DE7525CF923}.Debug|x86.Build.0 = Debug|Any CPU
		{082163CD-02C9-4FAA-B2B1-7DE7525CF923}.Release|Any CPU.ActiveCfg = Release|Any CPU
		{082163CD-02C9-4FAA-B2B1-7DE7525CF923}.Release|Any CPU.Build.0 = Release|Any CPU
		{082163CD-02C9-4FAA-B2B1-7DE7525CF923}.Release|x64.ActiveCfg = Release|Any CPU
		{082163CD-02C9-4FAA-B2B1-7DE7525CF923}.Release|x64.Build.0 = Release|Any CPU
		{082163CD-02C9-4FAA-B2B1-7DE7525CF923}.Release|x86.ActiveCfg = Release|Any CPU
		{082163CD-02C9-4FAA-B2B1-7DE7525CF923}.Release|x86.Build.0 = Release|Any CPU
		{7323903A-B1AA-46AB-A09B-06A2E09ECC30}.Debug|Any CPU.ActiveCfg = Debug|Any CPU
		{7323903A-B1AA-46AB-A09B-06A2E09ECC30}.Debug|Any CPU.Build.0 = Debug|Any CPU
		{7323903A-B1AA-46AB-A09B-06A2E09ECC30}.Debug|x64.ActiveCfg = Debug|Any CPU
		{7323903A-B1AA-46AB-A09B-06A2E09ECC30}.Debug|x64.Build.0 = Debug|Any CPU
		{7323903A-B1AA-46AB-A09B-06A2E09ECC30}.Debug|x86.ActiveCfg = Debug|Any CPU
		{7323903A-B1AA-46AB-A09B-06A2E09ECC30}.Debug|x86.Build.0 = Debug|Any CPU
		{7323903A-B1AA-46AB-A09B-06A2E09ECC30}.Release|Any CPU.ActiveCfg = Release|Any CPU
		{7323903A-B1AA-46AB-A09B-06A2E09ECC30}.Release|Any CPU.Build.0 = Release|Any CPU
		{7323903A-B1AA-46AB-A09B-06A2E09ECC30}.Release|x64.ActiveCfg = Release|Any CPU
		{7323903A-B1AA-46AB-A09B-06A2E09ECC30}.Release|x64.Build.0 = Release|Any CPU
		{7323903A-B1AA-46AB-A09B-06A2E09ECC30}.Release|x86.ActiveCfg = Release|Any CPU
		{7323903A-B1AA-46AB-A09B-06A2E09ECC30}.Release|x86.Build.0 = Release|Any CPU
		{A58DACF2-C3F8-40BB-9499-418226BD012E}.Debug|Any CPU.ActiveCfg = Debug|Any CPU
		{A58DACF2-C3F8-40BB-9499-418226BD012E}.Debug|Any CPU.Build.0 = Debug|Any CPU
		{A58DACF2-C3F8-40BB-9499-418226BD012E}.Debug|x64.ActiveCfg = Debug|Any CPU
		{A58DACF2-C3F8-40BB-9499-418226BD012E}.Debug|x64.Build.0 = Debug|Any CPU
		{A58DACF2-C3F8-40BB-9499-418226BD012E}.Debug|x86.ActiveCfg = Debug|Any CPU
		{A58DACF2-C3F8-40BB-9499-418226BD012E}.Debug|x86.Build.0 = Debug|Any CPU
		{A58DACF2-C3F8-40BB-9499-418226BD012E}.Release|Any CPU.ActiveCfg = Release|Any CPU
		{A58DACF2-C3F8-40BB-9499-418226BD012E}.Release|Any CPU.Build.0 = Release|Any CPU
		{A58DACF2-C3F8-40BB-9499-418226BD012E}.Release|x64.ActiveCfg = Release|Any CPU
		{A58DACF2-C3F8-40BB-9499-418226BD012E}.Release|x64.Build.0 = Release|Any CPU
		{A58DACF2-C3F8-40BB-9499-418226BD012E}.Release|x86.ActiveCfg = Release|Any CPU
		{A58DACF2-C3F8-40BB-9499-418226BD012E}.Release|x86.Build.0 = Release|Any CPU
		{B2A0F427-BD58-4D8A-B712-9E2AE7E74995}.Debug|Any CPU.ActiveCfg = Debug|Any CPU
		{B2A0F427-BD58-4D8A-B712-9E2AE7E74995}.Debug|Any CPU.Build.0 = Debug|Any CPU
		{B2A0F427-BD58-4D8A-B712-9E2AE7E74995}.Debug|x64.ActiveCfg = Debug|Any CPU
		{B2A0F427-BD58-4D8A-B712-9E2AE7E74995}.Debug|x64.Build.0 = Debug|Any CPU
		{B2A0F427-BD58-4D8A-B712-9E2AE7E74995}.Debug|x86.ActiveCfg = Debug|Any CPU
		{B2A0F427-BD58-4D8A-B712-9E2AE7E74995}.Debug|x86.Build.0 = Debug|Any CPU
		{B2A0F427-BD58-4D8A-B712-9E2AE7E74995}.Release|Any CPU.ActiveCfg = Release|Any CPU
		{B2A0F427-BD58-4D8A-B712-9E2AE7E74995}.Release|Any CPU.Build.0 = Release|Any CPU
		{B2A0F427-BD58-4D8A-B712-9E2AE7E74995}.Release|x64.ActiveCfg = Release|Any CPU
		{B2A0F427-BD58-4D8A-B712-9E2AE7E74995}.Release|x64.Build.0 = Release|Any CPU
		{B2A0F427-BD58-4D8A-B712-9E2AE7E74995}.Release|x86.ActiveCfg = Release|Any CPU
		{B2A0F427-BD58-4D8A-B712-9E2AE7E74995}.Release|x86.Build.0 = Release|Any CPU
		{A79A0F67-3D5B-4F4B-9F7C-D757DB0358FD}.Debug|Any CPU.ActiveCfg = Debug|Any CPU
		{A79A0F67-3D5B-4F4B-9F7C-D757DB0358FD}.Debug|Any CPU.Build.0 = Debug|Any CPU
		{A79A0F67-3D5B-4F4B-9F7C-D757DB0358FD}.Debug|x64.ActiveCfg = Debug|Any CPU
		{A79A0F67-3D5B-4F4B-9F7C-D757DB0358FD}.Debug|x64.Build.0 = Debug|Any CPU
		{A79A0F67-3D5B-4F4B-9F7C-D757DB0358FD}.Debug|x86.ActiveCfg = Debug|Any CPU
		{A79A0F67-3D5B-4F4B-9F7C-D757DB0358FD}.Debug|x86.Build.0 = Debug|Any CPU
		{A79A0F67-3D5B-4F4B-9F7C-D757DB0358FD}.Release|Any CPU.ActiveCfg = Release|Any CPU
		{A79A0F67-3D5B-4F4B-9F7C-D757DB0358FD}.Release|Any CPU.Build.0 = Release|Any CPU
		{A79A0F67-3D5B-4F4B-9F7C-D757DB0358FD}.Release|x64.ActiveCfg = Release|Any CPU
		{A79A0F67-3D5B-4F4B-9F7C-D757DB0358FD}.Release|x64.Build.0 = Release|Any CPU
		{A79A0F67-3D5B-4F4B-9F7C-D757DB0358FD}.Release|x86.ActiveCfg = Release|Any CPU
		{A79A0F67-3D5B-4F4B-9F7C-D757DB0358FD}.Release|x86.Build.0 = Release|Any CPU
	EndGlobalSection
	GlobalSection(SolutionProperties) = preSolution
		HideSolutionNode = FALSE
	EndGlobalSection
	GlobalSection(NestedProjects) = preSolution
		{8E872BF8-30BE-4CA7-8318-B57D2797E4E1} = {827E0CD3-B72D-47B6-A68D-7590B98EB39B}
		{55AC9999-FE0F-401E-B018-2D46D44510A1} = {827E0CD3-B72D-47B6-A68D-7590B98EB39B}
		{ECF7EB78-D7BB-4B0A-8B2E-A7B8F0FE1126} = {827E0CD3-B72D-47B6-A68D-7590B98EB39B}
		{3443A06A-FAD3-4830-B8BC-A14E526D0EE8} = {827E0CD3-B72D-47B6-A68D-7590B98EB39B}
		{09851985-4A40-4213-B8F0-97EC2A97201A} = {827E0CD3-B72D-47B6-A68D-7590B98EB39B}
		{EB82416F-256F-4007-8368-05E362F70C04} = {827E0CD3-B72D-47B6-A68D-7590B98EB39B}
		{082163CD-02C9-4FAA-B2B1-7DE7525CF923} = {827E0CD3-B72D-47B6-A68D-7590B98EB39B}
		{7323903A-B1AA-46AB-A09B-06A2E09ECC30} = {0AB3BF05-4346-4AA6-1389-037BE0695223}
		{A58DACF2-C3F8-40BB-9499-418226BD012E} = {0AB3BF05-4346-4AA6-1389-037BE0695223}
		{B2A0F427-BD58-4D8A-B712-9E2AE7E74995} = {0AB3BF05-4346-4AA6-1389-037BE0695223}
		{A79A0F67-3D5B-4F4B-9F7C-D757DB0358FD} = {0AB3BF05-4346-4AA6-1389-037BE0695223}
	EndGlobalSection
EndGlobal
